
Microsoft Visual Studio Solution File, Format Version 12.00
# Visual Studio Version 17
VisualStudioVersion = 17.12.35707.178 d17.12
MinimumVisualStudioVersion = 10.0.40219.1
Project("{FAE04EC0-301F-11D3-BF4B-00C04F79EFBC}") = "Caubert-Stroher-KlausnitzerSae24", "Caubert-Stroher-KlausnitzerSae24\Caubert-Stroher-KlausnitzerSae24.csproj", "{831A8520-BFD8-4959-9565-3B0BB4E4CE6D}"
EndProject
Global
	GlobalSection(SolutionConfigurationPlatforms) = preSolution
		Debug|Any CPU = Debug|Any CPU
		Release|Any CPU = Release|Any CPU
	EndGlobalSection
	GlobalSection(ProjectConfigurationPlatforms) = postSolution
		{831A8520-BFD8-4959-9565-3B0BB4E4CE6D}.Debug|Any CPU.ActiveCfg = Debug|Any CPU
		{831A8520-BFD8-4959-9565-3B0BB4E4CE6D}.Debug|Any CPU.Build.0 = Debug|Any CPU
		{831A8520-BFD8-4959-9565-3B0BB4E4CE6D}.Release|Any CPU.ActiveCfg = Release|Any CPU
		{831A8520-BFD8-4959-9565-3B0BB4E4CE6D}.Release|Any CPU.Build.0 = Release|Any CPU
	EndGlobalSection
	GlobalSection(SolutionProperties) = preSolution
		HideSolutionNode = FALSE
	EndGlobalSection
EndGlobal
