
Microsoft Visual Studio Solution File, Format Version 12.00
# Visual Studio Version 17
VisualStudioVersion = 17.9.34902.65
MinimumVisualStudioVersion = 10.0.40219.1
Project("{FAE04EC0-301F-11D3-BF4B-00C04F79EFBC}") = "UCmodifPompier", "UCmodifPompier\UCmodifPompier.csproj", "{CE208068-9E38-434A-8110-BDAF9EAB96C4}"
EndProject
Global
	GlobalSection(SolutionConfigurationPlatforms) = preSolution
		Debug|Any CPU = Debug|Any CPU
		Release|Any CPU = Release|Any CPU
	EndGlobalSection
	GlobalSection(ProjectConfigurationPlatforms) = postSolution
		{CE208068-9E38-434A-8110-BDAF9EAB96C4}.Debug|Any CPU.ActiveCfg = Debug|Any CPU
		{CE208068-9E38-434A-8110-BDAF9EAB96C4}.Debug|Any CPU.Build.0 = Debug|Any CPU
		{CE208068-9E38-434A-8110-BDAF9EAB96C4}.Release|Any CPU.ActiveCfg = Release|Any CPU
		{CE208068-9E38-434A-8110-BDAF9EAB96C4}.Release|Any CPU.Build.0 = Release|Any CPU
	EndGlobalSection
	GlobalSection(SolutionProperties) = preSolution
		HideSolutionNode = FALSE
	EndGlobalSection
	GlobalSection(ExtensibilityGlobals) = postSolution
		SolutionGuid = {4B49369A-BEF0-423D-BAAA-4A18D61828F9}
	EndGlobalSection
EndGlobal
